// !$*UTF8*$!
{
	archiveVersion = 1;
	classes = {
	};
	objectVersion = 46;
	objects = {

/* Begin PBXBuildFile section */
		4C0F082D185B85BD009564BD /* fondocontacto.png in Resources */ = {isa = PBXBuildFile; fileRef = 4C0F082C185B85BD009564BD /* fondocontacto.png */; };
		4C0F0831185B8618009564BD /* Contacto.m in Sources */ = {isa = PBXBuildFile; fileRef = 4C0F0830185B8618009564BD /* Contacto.m */; };
		4C0F0835185B8FE3009564BD /* Detalle_evento.m in Sources */ = {isa = PBXBuildFile; fileRef = 4C0F0834185B8FE3009564BD /* Detalle_evento.m */; };
		4C0F083C185F6789009564BD /* fondomiembros.png in Resources */ = {isa = PBXBuildFile; fileRef = 4C0F0837185F6789009564BD /* fondomiembros.png */; };
		4C0F083D185F6789009564BD /* fotomiembro.png in Resources */ = {isa = PBXBuildFile; fileRef = 4C0F0838185F6789009564BD /* fotomiembro.png */; };
		4C0F083E185F6789009564BD /* miembros.jpg in Resources */ = {isa = PBXBuildFile; fileRef = 4C0F0839185F6789009564BD /* miembros.jpg */; };
		4C0F083F185F6789009564BD /* nombremiembro.png in Resources */ = {isa = PBXBuildFile; fileRef = 4C0F083A185F6789009564BD /* nombremiembro.png */; };
		4C0F0840185F6789009564BD /* plek separación miembros.png in Resources */ = {isa = PBXBuildFile; fileRef = 4C0F083B185F6789009564BD /* plek separación miembros.png */; };
		4C0F0842185F6B89009564BD /* lineax3datos contactio.png in Resources */ = {isa = PBXBuildFile; fileRef = 4C0F0841185F6B89009564BD /* lineax3datos contactio.png */; };
		4C15E5DE185639E4007A81AC /* linea.png in Resources */ = {isa = PBXBuildFile; fileRef = 4C15E5DD185639E4007A81AC /* linea.png */; };
		4C15E5E1185639EE007A81AC /* fondo.png in Resources */ = {isa = PBXBuildFile; fileRef = 4C15E5DF185639EE007A81AC /* fondo.png */; };
		4C15E5E2185639EE007A81AC /* signin.png in Resources */ = {isa = PBXBuildFile; fileRef = 4C15E5E0185639EE007A81AC /* signin.png */; };
		4C15E5EB18563C73007A81AC /* botonperfil.png in Resources */ = {isa = PBXBuildFile; fileRef = 4C15E5E418563C73007A81AC /* botonperfil.png */; };
		4C15E5EC18563C73007A81AC /* btncontacto.png in Resources */ = {isa = PBXBuildFile; fileRef = 4C15E5E518563C73007A81AC /* btncontacto.png */; };
		4C15E5ED18563C73007A81AC /* btneventos.png in Resources */ = {isa = PBXBuildFile; fileRef = 4C15E5E618563C73007A81AC /* btneventos.png */; };
		4C15E5EE18563C73007A81AC /* btnmiembros.png in Resources */ = {isa = PBXBuildFile; fileRef = 4C15E5E718563C73007A81AC /* btnmiembros.png */; };
		4C15E5EF18563C73007A81AC /* btnnoticias.png in Resources */ = {isa = PBXBuildFile; fileRef = 4C15E5E818563C73007A81AC /* btnnoticias.png */; };
		4C15E5F018563C73007A81AC /* fondoinicio.png in Resources */ = {isa = PBXBuildFile; fileRef = 4C15E5E918563C73007A81AC /* fondoinicio.png */; };
		4C359B071860DB7B008030C3 /* detalledenoticia.jpg in Resources */ = {isa = PBXBuildFile; fileRef = 4C359B031860DB7B008030C3 /* detalledenoticia.jpg */; };
		4C359B081860DB7B008030C3 /* fondodetalle denoticias.png in Resources */ = {isa = PBXBuildFile; fileRef = 4C359B041860DB7B008030C3 /* fondodetalle denoticias.png */; };
		4C359B091860DB7B008030C3 /* fotonoticiasdetalle.png in Resources */ = {isa = PBXBuildFile; fileRef = 4C359B051860DB7B008030C3 /* fotonoticiasdetalle.png */; };
		4C359B0A1860DB7B008030C3 /* lineatitulodetallenoticias.png in Resources */ = {isa = PBXBuildFile; fileRef = 4C359B061860DB7B008030C3 /* lineatitulodetallenoticias.png */; };
		4C359B0E1860E31C008030C3 /* Detalle_noticia.m in Sources */ = {isa = PBXBuildFile; fileRef = 4C359B0D1860E31C008030C3 /* Detalle_noticia.m */; };
		4C359B121860EE19008030C3 /* Detalle_miembros.m in Sources */ = {isa = PBXBuildFile; fileRef = 4C359B111860EE19008030C3 /* Detalle_miembros.m */; };
		4C359B1D186107D0008030C3 /* btnaplikr.png in Resources */ = {isa = PBXBuildFile; fileRef = 4C359B1C186107D0008030C3 /* btnaplikr.png */; };
		4C359B1F1862600A008030C3 /* fotoUser.png in Resources */ = {isa = PBXBuildFile; fileRef = 4C359B1E1862600A008030C3 /* fotoUser.png */; };
		4C37495D185A5DF7005EFB04 /* Noticias.m in Sources */ = {isa = PBXBuildFile; fileRef = 4C37495C185A5DF7005EFB04 /* Noticias.m */; };
		4C4E1A75186021FB00B72994 /* circuloeventos.png in Resources */ = {isa = PBXBuildFile; fileRef = 4C4E1A70186021FB00B72994 /* circuloeventos.png */; };
		4C4E1A76186021FB00B72994 /* detalleeventos.jpg in Resources */ = {isa = PBXBuildFile; fileRef = 4C4E1A71186021FB00B72994 /* detalleeventos.jpg */; };
		4C4E1A77186021FB00B72994 /* fondoeventosdetalle.png in Resources */ = {isa = PBXBuildFile; fileRef = 4C4E1A72186021FB00B72994 /* fondoeventosdetalle.png */; };
		4C4E1A78186021FB00B72994 /* lineaeventos.png in Resources */ = {isa = PBXBuildFile; fileRef = 4C4E1A73186021FB00B72994 /* lineaeventos.png */; };
		4C4E1A79186021FB00B72994 /* numeroeventos.png in Resources */ = {isa = PBXBuildFile; fileRef = 4C4E1A74186021FB00B72994 /* numeroeventos.png */; };
		4C5269DE18577DB8007207DE /* btnopcionesperfil.png in Resources */ = {isa = PBXBuildFile; fileRef = 4C5269DA18577DB8007207DE /* btnopcionesperfil.png */; };
		4C5269DF18577DB8007207DE /* btnregresoperfil.png in Resources */ = {isa = PBXBuildFile; fileRef = 4C5269DB18577DB8007207DE /* btnregresoperfil.png */; };
		4C5269E018577DB8007207DE /* fondoperfil.png in Resources */ = {isa = PBXBuildFile; fileRef = 4C5269DC18577DB8007207DE /* fondoperfil.png */; };
		4C5269E118577DB8007207DE /* perfil.png in Resources */ = {isa = PBXBuildFile; fileRef = 4C5269DD18577DB8007207DE /* perfil.png */; };
		4C5269E918577F67007207DE /* btnopcioneseventos.png in Resources */ = {isa = PBXBuildFile; fileRef = 4C5269E318577F67007207DE /* btnopcioneseventos.png */; };
		4C5269EA18577F67007207DE /* circulonumpeqe.png in Resources */ = {isa = PBXBuildFile; fileRef = 4C5269E418577F67007207DE /* circulonumpeqe.png */; };
		4C5269EB18577F67007207DE /* eventos pantalla.jpg in Resources */ = {isa = PBXBuildFile; fileRef = 4C5269E518577F67007207DE /* eventos pantalla.jpg */; };
		4C5269EC18577F67007207DE /* eventosfondo.png in Resources */ = {isa = PBXBuildFile; fileRef = 4C5269E618577F67007207DE /* eventosfondo.png */; };
		4C5269ED18577F67007207DE /* eventosretorno.png in Resources */ = {isa = PBXBuildFile; fileRef = 4C5269E718577F67007207DE /* eventosretorno.png */; };
		4C5269EE18577F67007207DE /* lineaeventos.png in Resources */ = {isa = PBXBuildFile; fileRef = 4C5269E818577F67007207DE /* lineaeventos.png */; };
		4C58CB9D1863B59500315696 /* btn enviar.png in Resources */ = {isa = PBXBuildFile; fileRef = 4C58CB9C1863B59500315696 /* btn enviar.png */; };
		4C5A232818450B50005B51B6 /* Foundation.framework in Frameworks */ = {isa = PBXBuildFile; fileRef = 4C5A232718450B50005B51B6 /* Foundation.framework */; };
		4C5A232A18450B50005B51B6 /* CoreGraphics.framework in Frameworks */ = {isa = PBXBuildFile; fileRef = 4C5A232918450B50005B51B6 /* CoreGraphics.framework */; };
		4C5A232C18450B50005B51B6 /* UIKit.framework in Frameworks */ = {isa = PBXBuildFile; fileRef = 4C5A232B18450B50005B51B6 /* UIKit.framework */; };
		4C5A233218450B50005B51B6 /* InfoPlist.strings in Resources */ = {isa = PBXBuildFile; fileRef = 4C5A233018450B50005B51B6 /* InfoPlist.strings */; };
		4C5A233418450B50005B51B6 /* main.m in Sources */ = {isa = PBXBuildFile; fileRef = 4C5A233318450B50005B51B6 /* main.m */; };
		4C5A233818450B50005B51B6 /* AppDelegate.m in Sources */ = {isa = PBXBuildFile; fileRef = 4C5A233718450B50005B51B6 /* AppDelegate.m */; };
		4C5A233B18450B50005B51B6 /* Main.storyboard in Resources */ = {isa = PBXBuildFile; fileRef = 4C5A233918450B50005B51B6 /* Main.storyboard */; };
		4C5A233E18450B50005B51B6 /* ViewController.m in Sources */ = {isa = PBXBuildFile; fileRef = 4C5A233D18450B50005B51B6 /* ViewController.m */; };
		4C5A234018450B50005B51B6 /* Images.xcassets in Resources */ = {isa = PBXBuildFile; fileRef = 4C5A233F18450B50005B51B6 /* Images.xcassets */; };
		4C5A234718450B50005B51B6 /* XCTest.framework in Frameworks */ = {isa = PBXBuildFile; fileRef = 4C5A234618450B50005B51B6 /* XCTest.framework */; };
		4C5A234818450B50005B51B6 /* Foundation.framework in Frameworks */ = {isa = PBXBuildFile; fileRef = 4C5A232718450B50005B51B6 /* Foundation.framework */; };
		4C5A234918450B50005B51B6 /* UIKit.framework in Frameworks */ = {isa = PBXBuildFile; fileRef = 4C5A232B18450B50005B51B6 /* UIKit.framework */; };
		4C5A235118450B50005B51B6 /* InfoPlist.strings in Resources */ = {isa = PBXBuildFile; fileRef = 4C5A234F18450B50005B51B6 /* InfoPlist.strings */; };
		4C5A235318450B50005B51B6 /* IOMexicoTests.m in Sources */ = {isa = PBXBuildFile; fileRef = 4C5A235218450B50005B51B6 /* IOMexicoTests.m */; };
		4C5A235D18451392005B51B6 /* AudioToolbox.framework in Frameworks */ = {isa = PBXBuildFile; fileRef = 4C5A235C18451392005B51B6 /* AudioToolbox.framework */; };
		4C5A235F1845139F005B51B6 /* CFNetwork.framework in Frameworks */ = {isa = PBXBuildFile; fileRef = 4C5A235E1845139F005B51B6 /* CFNetwork.framework */; };
		4C5A2361184513B3005B51B6 /* CoreLocation.framework in Frameworks */ = {isa = PBXBuildFile; fileRef = 4C5A2360184513B3005B51B6 /* CoreLocation.framework */; };
		4C5A2363184513C8005B51B6 /* libz.1.1.3.dylib in Frameworks */ = {isa = PBXBuildFile; fileRef = 4C5A2362184513C8005B51B6 /* libz.1.1.3.dylib */; };
		4C5A2365184513D2005B51B6 /* MobileCoreServices.framework in Frameworks */ = {isa = PBXBuildFile; fileRef = 4C5A2364184513D2005B51B6 /* MobileCoreServices.framework */; };
		4C5A2367184513DB005B51B6 /* QuartzCore.framework in Frameworks */ = {isa = PBXBuildFile; fileRef = 4C5A2366184513DB005B51B6 /* QuartzCore.framework */; };
		4C5A2369184513E4005B51B6 /* Security.framework in Frameworks */ = {isa = PBXBuildFile; fileRef = 4C5A2368184513E4005B51B6 /* Security.framework */; };
		4C5A236B184513ED005B51B6 /* StoreKit.framework in Frameworks */ = {isa = PBXBuildFile; fileRef = 4C5A236A184513ED005B51B6 /* StoreKit.framework */; };
		4C5A236D184513F8005B51B6 /* SystemConfiguration.framework in Frameworks */ = {isa = PBXBuildFile; fileRef = 4C5A236C184513F8005B51B6 /* SystemConfiguration.framework */; };
		4CB6C74C1857D018006C4310 /* noticiasfondo.png in Resources */ = {isa = PBXBuildFile; fileRef = 4CB6C74B1857D018006C4310 /* noticiasfondo.png */; };
		4CB6C7541857D07C006C4310 /* btn applyperfilopciones.png in Resources */ = {isa = PBXBuildFile; fileRef = 4CB6C74E1857D07C006C4310 /* btn applyperfilopciones.png */; };
		4CB6C7551857D07C006C4310 /* btn+fotoperfilopciones.png in Resources */ = {isa = PBXBuildFile; fileRef = 4CB6C74F1857D07C006C4310 /* btn+fotoperfilopciones.png */; };
		4CB6C7561857D07C006C4310 /* fondoperfilopciones.png in Resources */ = {isa = PBXBuildFile; fileRef = 4CB6C7501857D07C006C4310 /* fondoperfilopciones.png */; };
		4CB6C7571857D07C006C4310 /* lineaperfilopciones.png in Resources */ = {isa = PBXBuildFile; fileRef = 4CB6C7511857D07C006C4310 /* lineaperfilopciones.png */; };
		4CB6C7581857D07C006C4310 /* opcionesperfil.png in Resources */ = {isa = PBXBuildFile; fileRef = 4CB6C7521857D07C006C4310 /* opcionesperfil.png */; };
		4CB6C7591857D07C006C4310 /* perfilopciones.png in Resources */ = {isa = PBXBuildFile; fileRef = 4CB6C7531857D07C006C4310 /* perfilopciones.png */; };
		4CBD934A184514D800B2548A /* Parse.framework in Frameworks */ = {isa = PBXBuildFile; fileRef = 4CBD9349184514D800B2548A /* Parse.framework */; };
		4CBD934E1845188000B2548A /* Principal.m in Sources */ = {isa = PBXBuildFile; fileRef = 4CBD934D1845188000B2548A /* Principal.m */; };
		4CBD93521845203000B2548A /* Calendario.m in Sources */ = {isa = PBXBuildFile; fileRef = 4CBD93511845203000B2548A /* Calendario.m */; };
		4CBD93561845204B00B2548A /* Perfil.m in Sources */ = {isa = PBXBuildFile; fileRef = 4CBD93551845204B00B2548A /* Perfil.m */; };
		4CBD935A1845206400B2548A /* Miembros.m in Sources */ = {isa = PBXBuildFile; fileRef = 4CBD93591845206400B2548A /* Miembros.m */; };
		4CBD935E1845208A00B2548A /* Recomendar.m in Sources */ = {isa = PBXBuildFile; fileRef = 4CBD935D1845208A00B2548A /* Recomendar.m */; };
		4CDBAF581858E2CC00E89BC0 /* Editar_perfil.m in Sources */ = {isa = PBXBuildFile; fileRef = 4CDBAF571858E2CC00E89BC0 /* Editar_perfil.m */; };
/* End PBXBuildFile section */

/* Begin PBXContainerItemProxy section */
		4C5A234A18450B50005B51B6 /* PBXContainerItemProxy */ = {
			isa = PBXContainerItemProxy;
			containerPortal = 4C5A231C18450B50005B51B6 /* Project object */;
			proxyType = 1;
			remoteGlobalIDString = 4C5A232318450B50005B51B6;
			remoteInfo = IOMexico;
		};
/* End PBXContainerItemProxy section */

/* Begin PBXFileReference section */
		4C0F082C185B85BD009564BD /* fondocontacto.png */ = {isa = PBXFileReference; lastKnownFileType = image.png; path = fondocontacto.png; sourceTree = "<group>"; };
		4C0F082F185B8618009564BD /* Contacto.h */ = {isa = PBXFileReference; fileEncoding = 4; lastKnownFileType = sourcecode.c.h; path = Contacto.h; sourceTree = "<group>"; };
		4C0F0830185B8618009564BD /* Contacto.m */ = {isa = PBXFileReference; fileEncoding = 4; lastKnownFileType = sourcecode.c.objc; path = Contacto.m; sourceTree = "<group>"; };
		4C0F0833185B8FE3009564BD /* Detalle_evento.h */ = {isa = PBXFileReference; fileEncoding = 4; lastKnownFileType = sourcecode.c.h; path = Detalle_evento.h; sourceTree = "<group>"; };
		4C0F0834185B8FE3009564BD /* Detalle_evento.m */ = {isa = PBXFileReference; fileEncoding = 4; lastKnownFileType = sourcecode.c.objc; path = Detalle_evento.m; sourceTree = "<group>"; };
		4C0F0837185F6789009564BD /* fondomiembros.png */ = {isa = PBXFileReference; lastKnownFileType = image.png; path = fondomiembros.png; sourceTree = "<group>"; };
		4C0F0838185F6789009564BD /* fotomiembro.png */ = {isa = PBXFileReference; lastKnownFileType = image.png; path = fotomiembro.png; sourceTree = "<group>"; };
		4C0F0839185F6789009564BD /* miembros.jpg */ = {isa = PBXFileReference; lastKnownFileType = image.jpeg; path = miembros.jpg; sourceTree = "<group>"; };
		4C0F083A185F6789009564BD /* nombremiembro.png */ = {isa = PBXFileReference; lastKnownFileType = image.png; path = nombremiembro.png; sourceTree = "<group>"; };
		4C0F083B185F6789009564BD /* plek separación miembros.png */ = {isa = PBXFileReference; lastKnownFileType = image.png; path = "plek separación miembros.png"; sourceTree = "<group>"; };
		4C0F0841185F6B89009564BD /* lineax3datos contactio.png */ = {isa = PBXFileReference; lastKnownFileType = image.png; path = "lineax3datos contactio.png"; sourceTree = "<group>"; };
		4C15E5DD185639E4007A81AC /* linea.png */ = {isa = PBXFileReference; lastKnownFileType = image.png; path = linea.png; sourceTree = "<group>"; };
		4C15E5DF185639EE007A81AC /* fondo.png */ = {isa = PBXFileReference; lastKnownFileType = image.png; path = fondo.png; sourceTree = "<group>"; };
		4C15E5E0185639EE007A81AC /* signin.png */ = {isa = PBXFileReference; lastKnownFileType = image.png; path = signin.png; sourceTree = "<group>"; };
		4C15E5E418563C73007A81AC /* botonperfil.png */ = {isa = PBXFileReference; lastKnownFileType = image.png; path = botonperfil.png; sourceTree = "<group>"; };
		4C15E5E518563C73007A81AC /* btncontacto.png */ = {isa = PBXFileReference; lastKnownFileType = image.png; path = btncontacto.png; sourceTree = "<group>"; };
		4C15E5E618563C73007A81AC /* btneventos.png */ = {isa = PBXFileReference; lastKnownFileType = image.png; path = btneventos.png; sourceTree = "<group>"; };
		4C15E5E718563C73007A81AC /* btnmiembros.png */ = {isa = PBXFileReference; lastKnownFileType = image.png; path = btnmiembros.png; sourceTree = "<group>"; };
		4C15E5E818563C73007A81AC /* btnnoticias.png */ = {isa = PBXFileReference; lastKnownFileType = image.png; path = btnnoticias.png; sourceTree = "<group>"; };
		4C15E5E918563C73007A81AC /* fondoinicio.png */ = {isa = PBXFileReference; lastKnownFileType = image.png; path = fondoinicio.png; sourceTree = "<group>"; };
		4C359B031860DB7B008030C3 /* detalledenoticia.jpg */ = {isa = PBXFileReference; lastKnownFileType = image.jpeg; path = detalledenoticia.jpg; sourceTree = "<group>"; };
		4C359B041860DB7B008030C3 /* fondodetalle denoticias.png */ = {isa = PBXFileReference; lastKnownFileType = image.png; path = "fondodetalle denoticias.png"; sourceTree = "<group>"; };
		4C359B051860DB7B008030C3 /* fotonoticiasdetalle.png */ = {isa = PBXFileReference; lastKnownFileType = image.png; path = fotonoticiasdetalle.png; sourceTree = "<group>"; };
		4C359B061860DB7B008030C3 /* lineatitulodetallenoticias.png */ = {isa = PBXFileReference; lastKnownFileType = image.png; path = lineatitulodetallenoticias.png; sourceTree = "<group>"; };
		4C359B0C1860E31C008030C3 /* Detalle_noticia.h */ = {isa = PBXFileReference; fileEncoding = 4; lastKnownFileType = sourcecode.c.h; path = Detalle_noticia.h; sourceTree = "<group>"; };
		4C359B0D1860E31C008030C3 /* Detalle_noticia.m */ = {isa = PBXFileReference; fileEncoding = 4; lastKnownFileType = sourcecode.c.objc; path = Detalle_noticia.m; sourceTree = "<group>"; };
		4C359B101860EE19008030C3 /* Detalle_miembros.h */ = {isa = PBXFileReference; fileEncoding = 4; lastKnownFileType = sourcecode.c.h; path = Detalle_miembros.h; sourceTree = "<group>"; };
		4C359B111860EE19008030C3 /* Detalle_miembros.m */ = {isa = PBXFileReference; fileEncoding = 4; lastKnownFileType = sourcecode.c.objc; path = Detalle_miembros.m; sourceTree = "<group>"; };
		4C359B1C186107D0008030C3 /* btnaplikr.png */ = {isa = PBXFileReference; lastKnownFileType = image.png; path = btnaplikr.png; sourceTree = "<group>"; };
		4C359B1E1862600A008030C3 /* fotoUser.png */ = {isa = PBXFileReference; lastKnownFileType = image.png; path = fotoUser.png; sourceTree = "<group>"; };
		4C37495B185A5DF7005EFB04 /* Noticias.h */ = {isa = PBXFileReference; fileEncoding = 4; lastKnownFileType = sourcecode.c.h; path = Noticias.h; sourceTree = "<group>"; };
		4C37495C185A5DF7005EFB04 /* Noticias.m */ = {isa = PBXFileReference; fileEncoding = 4; lastKnownFileType = sourcecode.c.objc; path = Noticias.m; sourceTree = "<group>"; };
		4C4E1A70186021FB00B72994 /* circuloeventos.png */ = {isa = PBXFileReference; lastKnownFileType = image.png; path = circuloeventos.png; sourceTree = "<group>"; };
		4C4E1A71186021FB00B72994 /* detalleeventos.jpg */ = {isa = PBXFileReference; lastKnownFileType = image.jpeg; path = detalleeventos.jpg; sourceTree = "<group>"; };
		4C4E1A72186021FB00B72994 /* fondoeventosdetalle.png */ = {isa = PBXFileReference; lastKnownFileType = image.png; path = fondoeventosdetalle.png; sourceTree = "<group>"; };
		4C4E1A73186021FB00B72994 /* lineaeventos.png */ = {isa = PBXFileReference; lastKnownFileType = image.png; path = lineaeventos.png; sourceTree = "<group>"; };
		4C4E1A74186021FB00B72994 /* numeroeventos.png */ = {isa = PBXFileReference; lastKnownFileType = image.png; path = numeroeventos.png; sourceTree = "<group>"; };
		4C5269DA18577DB8007207DE /* btnopcionesperfil.png */ = {isa = PBXFileReference; lastKnownFileType = image.png; path = btnopcionesperfil.png; sourceTree = "<group>"; };
		4C5269DB18577DB8007207DE /* btnregresoperfil.png */ = {isa = PBXFileReference; lastKnownFileType = image.png; path = btnregresoperfil.png; sourceTree = "<group>"; };
		4C5269DC18577DB8007207DE /* fondoperfil.png */ = {isa = PBXFileReference; lastKnownFileType = image.png; path = fondoperfil.png; sourceTree = "<group>"; };
		4C5269DD18577DB8007207DE /* perfil.png */ = {isa = PBXFileReference; lastKnownFileType = image.png; path = perfil.png; sourceTree = "<group>"; };
		4C5269E318577F67007207DE /* btnopcioneseventos.png */ = {isa = PBXFileReference; lastKnownFileType = image.png; path = btnopcioneseventos.png; sourceTree = "<group>"; };
		4C5269E418577F67007207DE /* circulonumpeqe.png */ = {isa = PBXFileReference; lastKnownFileType = image.png; path = circulonumpeqe.png; sourceTree = "<group>"; };
		4C5269E518577F67007207DE /* eventos pantalla.jpg */ = {isa = PBXFileReference; lastKnownFileType = image.jpeg; path = "eventos pantalla.jpg"; sourceTree = "<group>"; };
		4C5269E618577F67007207DE /* eventosfondo.png */ = {isa = PBXFileReference; lastKnownFileType = image.png; path = eventosfondo.png; sourceTree = "<group>"; };
		4C5269E718577F67007207DE /* eventosretorno.png */ = {isa = PBXFileReference; lastKnownFileType = image.png; path = eventosretorno.png; sourceTree = "<group>"; };
		4C5269E818577F67007207DE /* lineaeventos.png */ = {isa = PBXFileReference; lastKnownFileType = image.png; path = lineaeventos.png; sourceTree = "<group>"; };
		4C58CB9C1863B59500315696 /* btn enviar.png */ = {isa = PBXFileReference; lastKnownFileType = image.png; path = "btn enviar.png"; sourceTree = "<group>"; };
		4C5A232418450B50005B51B6 /* EO Mexico City.app */ = {isa = PBXFileReference; explicitFileType = wrapper.application; includeInIndex = 0; path = "EO Mexico City.app"; sourceTree = BUILT_PRODUCTS_DIR; };
		4C5A232718450B50005B51B6 /* Foundation.framework */ = {isa = PBXFileReference; lastKnownFileType = wrapper.framework; name = Foundation.framework; path = System/Library/Frameworks/Foundation.framework; sourceTree = SDKROOT; };
		4C5A232918450B50005B51B6 /* CoreGraphics.framework */ = {isa = PBXFileReference; lastKnownFileType = wrapper.framework; name = CoreGraphics.framework; path = System/Library/Frameworks/CoreGraphics.framework; sourceTree = SDKROOT; };
		4C5A232B18450B50005B51B6 /* UIKit.framework */ = {isa = PBXFileReference; lastKnownFileType = wrapper.framework; name = UIKit.framework; path = System/Library/Frameworks/UIKit.framework; sourceTree = SDKROOT; };
		4C5A232F18450B50005B51B6 /* EO Mexico City-Info.plist */ = {isa = PBXFileReference; lastKnownFileType = text.plist.xml; path = "EO Mexico City-Info.plist"; sourceTree = "<group>"; };
		4C5A233118450B50005B51B6 /* en */ = {isa = PBXFileReference; lastKnownFileType = text.plist.strings; name = en; path = en.lproj/InfoPlist.strings; sourceTree = "<group>"; };
		4C5A233318450B50005B51B6 /* main.m */ = {isa = PBXFileReference; lastKnownFileType = sourcecode.c.objc; path = main.m; sourceTree = "<group>"; };
		4C5A233518450B50005B51B6 /* EO Mexico City-Prefix.pch */ = {isa = PBXFileReference; lastKnownFileType = sourcecode.c.h; path = "EO Mexico City-Prefix.pch"; sourceTree = "<group>"; };
		4C5A233618450B50005B51B6 /* AppDelegate.h */ = {isa = PBXFileReference; lastKnownFileType = sourcecode.c.h; path = AppDelegate.h; sourceTree = "<group>"; };
		4C5A233718450B50005B51B6 /* AppDelegate.m */ = {isa = PBXFileReference; lastKnownFileType = sourcecode.c.objc; path = AppDelegate.m; sourceTree = "<group>"; };
		4C5A233A18450B50005B51B6 /* Base */ = {isa = PBXFileReference; lastKnownFileType = file.storyboard; name = Base; path = Base.lproj/Main.storyboard; sourceTree = "<group>"; };
		4C5A233C18450B50005B51B6 /* ViewController.h */ = {isa = PBXFileReference; lastKnownFileType = sourcecode.c.h; path = ViewController.h; sourceTree = "<group>"; };
		4C5A233D18450B50005B51B6 /* ViewController.m */ = {isa = PBXFileReference; lastKnownFileType = sourcecode.c.objc; path = ViewController.m; sourceTree = "<group>"; };
		4C5A233F18450B50005B51B6 /* Images.xcassets */ = {isa = PBXFileReference; lastKnownFileType = folder.assetcatalog; path = Images.xcassets; sourceTree = "<group>"; };
		4C5A234518450B50005B51B6 /* EO Mexico CityTests.xctest */ = {isa = PBXFileReference; explicitFileType = wrapper.cfbundle; includeInIndex = 0; path = "EO Mexico CityTests.xctest"; sourceTree = BUILT_PRODUCTS_DIR; };
		4C5A234618450B50005B51B6 /* XCTest.framework */ = {isa = PBXFileReference; lastKnownFileType = wrapper.framework; name = XCTest.framework; path = Library/Frameworks/XCTest.framework; sourceTree = DEVELOPER_DIR; };
		4C5A234E18450B50005B51B6 /* IOMexicoTests-Info.plist */ = {isa = PBXFileReference; lastKnownFileType = text.plist.xml; path = "IOMexicoTests-Info.plist"; sourceTree = "<group>"; };
		4C5A235018450B50005B51B6 /* en */ = {isa = PBXFileReference; lastKnownFileType = text.plist.strings; name = en; path = en.lproj/InfoPlist.strings; sourceTree = "<group>"; };
		4C5A235218450B50005B51B6 /* IOMexicoTests.m */ = {isa = PBXFileReference; lastKnownFileType = sourcecode.c.objc; path = IOMexicoTests.m; sourceTree = "<group>"; };
		4C5A235C18451392005B51B6 /* AudioToolbox.framework */ = {isa = PBXFileReference; lastKnownFileType = wrapper.framework; name = AudioToolbox.framework; path = System/Library/Frameworks/AudioToolbox.framework; sourceTree = SDKROOT; };
		4C5A235E1845139F005B51B6 /* CFNetwork.framework */ = {isa = PBXFileReference; lastKnownFileType = wrapper.framework; name = CFNetwork.framework; path = System/Library/Frameworks/CFNetwork.framework; sourceTree = SDKROOT; };
		4C5A2360184513B3005B51B6 /* CoreLocation.framework */ = {isa = PBXFileReference; lastKnownFileType = wrapper.framework; name = CoreLocation.framework; path = System/Library/Frameworks/CoreLocation.framework; sourceTree = SDKROOT; };
		4C5A2362184513C8005B51B6 /* libz.1.1.3.dylib */ = {isa = PBXFileReference; lastKnownFileType = "compiled.mach-o.dylib"; name = libz.1.1.3.dylib; path = usr/lib/libz.1.1.3.dylib; sourceTree = SDKROOT; };
		4C5A2364184513D2005B51B6 /* MobileCoreServices.framework */ = {isa = PBXFileReference; lastKnownFileType = wrapper.framework; name = MobileCoreServices.framework; path = System/Library/Frameworks/MobileCoreServices.framework; sourceTree = SDKROOT; };
		4C5A2366184513DB005B51B6 /* QuartzCore.framework */ = {isa = PBXFileReference; lastKnownFileType = wrapper.framework; name = QuartzCore.framework; path = System/Library/Frameworks/QuartzCore.framework; sourceTree = SDKROOT; };
		4C5A2368184513E4005B51B6 /* Security.framework */ = {isa = PBXFileReference; lastKnownFileType = wrapper.framework; name = Security.framework; path = System/Library/Frameworks/Security.framework; sourceTree = SDKROOT; };
		4C5A236A184513ED005B51B6 /* StoreKit.framework */ = {isa = PBXFileReference; lastKnownFileType = wrapper.framework; name = StoreKit.framework; path = System/Library/Frameworks/StoreKit.framework; sourceTree = SDKROOT; };
		4C5A236C184513F8005B51B6 /* SystemConfiguration.framework */ = {isa = PBXFileReference; lastKnownFileType = wrapper.framework; name = SystemConfiguration.framework; path = System/Library/Frameworks/SystemConfiguration.framework; sourceTree = SDKROOT; };
		4CB6C74B1857D018006C4310 /* noticiasfondo.png */ = {isa = PBXFileReference; lastKnownFileType = image.png; path = noticiasfondo.png; sourceTree = "<group>"; };
		4CB6C74E1857D07C006C4310 /* btn applyperfilopciones.png */ = {isa = PBXFileReference; lastKnownFileType = image.png; path = "btn applyperfilopciones.png"; sourceTree = "<group>"; };
		4CB6C74F1857D07C006C4310 /* btn+fotoperfilopciones.png */ = {isa = PBXFileReference; lastKnownFileType = image.png; path = "btn+fotoperfilopciones.png"; sourceTree = "<group>"; };
		4CB6C7501857D07C006C4310 /* fondoperfilopciones.png */ = {isa = PBXFileReference; lastKnownFileType = image.png; path = fondoperfilopciones.png; sourceTree = "<group>"; };
		4CB6C7511857D07C006C4310 /* lineaperfilopciones.png */ = {isa = PBXFileReference; lastKnownFileType = image.png; path = lineaperfilopciones.png; sourceTree = "<group>"; };
		4CB6C7521857D07C006C4310 /* opcionesperfil.png */ = {isa = PBXFileReference; lastKnownFileType = image.png; path = opcionesperfil.png; sourceTree = "<group>"; };
		4CB6C7531857D07C006C4310 /* perfilopciones.png */ = {isa = PBXFileReference; lastKnownFileType = image.png; path = perfilopciones.png; sourceTree = "<group>"; };
		4CBD9349184514D800B2548A /* Parse.framework */ = {isa = PBXFileReference; lastKnownFileType = wrapper.framework; name = Parse.framework; path = ../Parse.framework; sourceTree = "<group>"; };
		4CBD934C1845188000B2548A /* Principal.h */ = {isa = PBXFileReference; fileEncoding = 4; lastKnownFileType = sourcecode.c.h; path = Principal.h; sourceTree = "<group>"; };
		4CBD934D1845188000B2548A /* Principal.m */ = {isa = PBXFileReference; fileEncoding = 4; lastKnownFileType = sourcecode.c.objc; path = Principal.m; sourceTree = "<group>"; };
		4CBD93501845203000B2548A /* Calendario.h */ = {isa = PBXFileReference; fileEncoding = 4; lastKnownFileType = sourcecode.c.h; path = Calendario.h; sourceTree = "<group>"; };
		4CBD93511845203000B2548A /* Calendario.m */ = {isa = PBXFileReference; fileEncoding = 4; lastKnownFileType = sourcecode.c.objc; path = Calendario.m; sourceTree = "<group>"; };
		4CBD93541845204B00B2548A /* Perfil.h */ = {isa = PBXFileReference; fileEncoding = 4; lastKnownFileType = sourcecode.c.h; path = Perfil.h; sourceTree = "<group>"; };
		4CBD93551845204B00B2548A /* Perfil.m */ = {isa = PBXFileReference; fileEncoding = 4; lastKnownFileType = sourcecode.c.objc; path = Perfil.m; sourceTree = "<group>"; };
		4CBD93581845206400B2548A /* Miembros.h */ = {isa = PBXFileReference; fileEncoding = 4; lastKnownFileType = sourcecode.c.h; path = Miembros.h; sourceTree = "<group>"; };
		4CBD93591845206400B2548A /* Miembros.m */ = {isa = PBXFileReference; fileEncoding = 4; lastKnownFileType = sourcecode.c.objc; path = Miembros.m; sourceTree = "<group>"; };
		4CBD935C1845208A00B2548A /* Recomendar.h */ = {isa = PBXFileReference; fileEncoding = 4; lastKnownFileType = sourcecode.c.h; path = Recomendar.h; sourceTree = "<group>"; };
		4CBD935D1845208A00B2548A /* Recomendar.m */ = {isa = PBXFileReference; fileEncoding = 4; lastKnownFileType = sourcecode.c.objc; path = Recomendar.m; sourceTree = "<group>"; };
		4CDBAF561858E2CC00E89BC0 /* Editar_perfil.h */ = {isa = PBXFileReference; fileEncoding = 4; lastKnownFileType = sourcecode.c.h; path = Editar_perfil.h; sourceTree = "<group>"; };
		4CDBAF571858E2CC00E89BC0 /* Editar_perfil.m */ = {isa = PBXFileReference; fileEncoding = 4; lastKnownFileType = sourcecode.c.objc; path = Editar_perfil.m; sourceTree = "<group>"; };
/* End PBXFileReference section */

/* Begin PBXFrameworksBuildPhase section */
		4C5A232118450B50005B51B6 /* Frameworks */ = {
			isa = PBXFrameworksBuildPhase;
			buildActionMask = 2147483647;
			files = (
				4CBD934A184514D800B2548A /* Parse.framework in Frameworks */,
				4C5A236D184513F8005B51B6 /* SystemConfiguration.framework in Frameworks */,
				4C5A236B184513ED005B51B6 /* StoreKit.framework in Frameworks */,
				4C5A2369184513E4005B51B6 /* Security.framework in Frameworks */,
				4C5A2367184513DB005B51B6 /* QuartzCore.framework in Frameworks */,
				4C5A2365184513D2005B51B6 /* MobileCoreServices.framework in Frameworks */,
				4C5A2363184513C8005B51B6 /* libz.1.1.3.dylib in Frameworks */,
				4C5A2361184513B3005B51B6 /* CoreLocation.framework in Frameworks */,
				4C5A232A18450B50005B51B6 /* CoreGraphics.framework in Frameworks */,
				4C5A235F1845139F005B51B6 /* CFNetwork.framework in Frameworks */,
				4C5A235D18451392005B51B6 /* AudioToolbox.framework in Frameworks */,
				4C5A232C18450B50005B51B6 /* UIKit.framework in Frameworks */,
				4C5A232818450B50005B51B6 /* Foundation.framework in Frameworks */,
			);
			runOnlyForDeploymentPostprocessing = 0;
		};
		4C5A234218450B50005B51B6 /* Frameworks */ = {
			isa = PBXFrameworksBuildPhase;
			buildActionMask = 2147483647;
			files = (
				4C5A234718450B50005B51B6 /* XCTest.framework in Frameworks */,
				4C5A234918450B50005B51B6 /* UIKit.framework in Frameworks */,
				4C5A234818450B50005B51B6 /* Foundation.framework in Frameworks */,
			);
			runOnlyForDeploymentPostprocessing = 0;
		};
/* End PBXFrameworksBuildPhase section */

/* Begin PBXGroup section */
		4C0F082B185B85BD009564BD /* Contacto */ = {
			isa = PBXGroup;
			children = (
				4C0F082C185B85BD009564BD /* fondocontacto.png */,
			);
			path = Contacto;
			sourceTree = "<group>";
		};
		4C0F082E185B85FD009564BD /* Contacto */ = {
			isa = PBXGroup;
			children = (
				4C0F082F185B8618009564BD /* Contacto.h */,
				4C0F0830185B8618009564BD /* Contacto.m */,
			);
			name = Contacto;
			sourceTree = "<group>";
		};
		4C0F0832185B8FC7009564BD /* Detalle Evento */ = {
			isa = PBXGroup;
			children = (
				4C0F0833185B8FE3009564BD /* Detalle_evento.h */,
				4C0F0834185B8FE3009564BD /* Detalle_evento.m */,
			);
			name = "Detalle Evento";
			sourceTree = "<group>";
		};
		4C0F0836185F6789009564BD /* miembros */ = {
			isa = PBXGroup;
			children = (
				4C0F0837185F6789009564BD /* fondomiembros.png */,
				4C0F0838185F6789009564BD /* fotomiembro.png */,
				4C0F0839185F6789009564BD /* miembros.jpg */,
				4C0F083A185F6789009564BD /* nombremiembro.png */,
				4C0F083B185F6789009564BD /* plek separación miembros.png */,
			);
			path = miembros;
			sourceTree = "<group>";
		};
		4C15E5E318563C73007A81AC /* Inicio */ = {
			isa = PBXGroup;
			children = (
				4C15E5E418563C73007A81AC /* botonperfil.png */,
				4C15E5E518563C73007A81AC /* btncontacto.png */,
				4C15E5E618563C73007A81AC /* btneventos.png */,
				4C15E5E718563C73007A81AC /* btnmiembros.png */,
				4C15E5E818563C73007A81AC /* btnnoticias.png */,
				4C15E5E918563C73007A81AC /* fondoinicio.png */,
			);
			path = Inicio;
			sourceTree = "<group>";
		};
		4C359B021860DB7B008030C3 /* Noticias detall */ = {
			isa = PBXGroup;
			children = (
				4C359B031860DB7B008030C3 /* detalledenoticia.jpg */,
				4C359B041860DB7B008030C3 /* fondodetalle denoticias.png */,
				4C359B051860DB7B008030C3 /* fotonoticiasdetalle.png */,
				4C359B061860DB7B008030C3 /* lineatitulodetallenoticias.png */,
			);
			path = "Noticias detall";
			sourceTree = "<group>";
		};
		4C359B0B1860E304008030C3 /* Detalle Noticia */ = {
			isa = PBXGroup;
			children = (
				4C359B0C1860E31C008030C3 /* Detalle_noticia.h */,
				4C359B0D1860E31C008030C3 /* Detalle_noticia.m */,
			);
			name = "Detalle Noticia";
			sourceTree = "<group>";
		};
		4C359B0F1860EB65008030C3 /* Detalle Miembros */ = {
			isa = PBXGroup;
			children = (
				4C359B101860EE19008030C3 /* Detalle_miembros.h */,
				4C359B111860EE19008030C3 /* Detalle_miembros.m */,
			);
			name = "Detalle Miembros";
			sourceTree = "<group>";
		};
		4C4E1A6F186021FB00B72994 /* Eventos detalle */ = {
			isa = PBXGroup;
			children = (
				4C4E1A70186021FB00B72994 /* circuloeventos.png */,
				4C4E1A71186021FB00B72994 /* detalleeventos.jpg */,
				4C4E1A72186021FB00B72994 /* fondoeventosdetalle.png */,
				4C4E1A73186021FB00B72994 /* lineaeventos.png */,
				4C4E1A74186021FB00B72994 /* numeroeventos.png */,
			);
			path = "Eventos detalle";
			sourceTree = "<group>";
		};
		4C5269D918577DB8007207DE /* perfil */ = {
			isa = PBXGroup;
			children = (
				4C5269DA18577DB8007207DE /* btnopcionesperfil.png */,
				4C5269DB18577DB8007207DE /* btnregresoperfil.png */,
				4C5269DC18577DB8007207DE /* fondoperfil.png */,
				4C5269DD18577DB8007207DE /* perfil.png */,
			);
			path = perfil;
			sourceTree = "<group>";
		};
		4C5269E218577F67007207DE /* Eventos */ = {
			isa = PBXGroup;
			children = (
				4C5269E318577F67007207DE /* btnopcioneseventos.png */,
				4C5269E418577F67007207DE /* circulonumpeqe.png */,
				4C5269E518577F67007207DE /* eventos pantalla.jpg */,
				4C5269E618577F67007207DE /* eventosfondo.png */,
				4C5269E718577F67007207DE /* eventosretorno.png */,
				4C5269E818577F67007207DE /* lineaeventos.png */,
			);
			path = Eventos;
			sourceTree = "<group>";
		};
		4C5A231B18450B50005B51B6 = {
			isa = PBXGroup;
			children = (
				4C5A232D18450B50005B51B6 /* IOMexico */,
				4C5A234C18450B50005B51B6 /* IOMexicoTests */,
				4C5A232618450B50005B51B6 /* Frameworks */,
				4C5A232518450B50005B51B6 /* Products */,
			);
			sourceTree = "<group>";
		};
		4C5A232518450B50005B51B6 /* Products */ = {
			isa = PBXGroup;
			children = (
				4C5A232418450B50005B51B6 /* EO Mexico City.app */,
				4C5A234518450B50005B51B6 /* EO Mexico CityTests.xctest */,
			);
			name = Products;
			sourceTree = "<group>";
		};
		4C5A232618450B50005B51B6 /* Frameworks */ = {
			isa = PBXGroup;
			children = (
				4CBD9349184514D800B2548A /* Parse.framework */,
				4C5A236C184513F8005B51B6 /* SystemConfiguration.framework */,
				4C5A236A184513ED005B51B6 /* StoreKit.framework */,
				4C5A2368184513E4005B51B6 /* Security.framework */,
				4C5A2366184513DB005B51B6 /* QuartzCore.framework */,
				4C5A2364184513D2005B51B6 /* MobileCoreServices.framework */,
				4C5A2362184513C8005B51B6 /* libz.1.1.3.dylib */,
				4C5A2360184513B3005B51B6 /* CoreLocation.framework */,
				4C5A235E1845139F005B51B6 /* CFNetwork.framework */,
				4C5A235C18451392005B51B6 /* AudioToolbox.framework */,
				4C5A232718450B50005B51B6 /* Foundation.framework */,
				4C5A232918450B50005B51B6 /* CoreGraphics.framework */,
				4C5A232B18450B50005B51B6 /* UIKit.framework */,
				4C5A234618450B50005B51B6 /* XCTest.framework */,
			);
			name = Frameworks;
			sourceTree = "<group>";
		};
		4C5A232D18450B50005B51B6 /* IOMexico */ = {
			isa = PBXGroup;
			children = (
				4C359B0F1860EB65008030C3 /* Detalle Miembros */,
				4C359B0B1860E304008030C3 /* Detalle Noticia */,
				4C0F0832185B8FC7009564BD /* Detalle Evento */,
				4C0F082E185B85FD009564BD /* Contacto */,
				4CDBAF551858E2AB00E89BC0 /* Editar_profile */,
				4CA9C89A18510D3300FB07E3 /* Images */,
				4CBD935F1845209A00B2548A /* Avisos */,
				4CBD935B1845207100B2548A /* Recomendar */,
				4CBD93571845205700B2548A /* Miembros */,
				4CBD93531845203900B2548A /* Perfil */,
				4CBD934F1845201600B2548A /* Eventos */,
				4CBD934B1845186E00B2548A /* Principal */,
				4C5A233618450B50005B51B6 /* AppDelegate.h */,
				4C5A233718450B50005B51B6 /* AppDelegate.m */,
				4C5A233918450B50005B51B6 /* Main.storyboard */,
				4C5A233C18450B50005B51B6 /* ViewController.h */,
				4C5A233D18450B50005B51B6 /* ViewController.m */,
				4C5A233F18450B50005B51B6 /* Images.xcassets */,
				4C5A232E18450B50005B51B6 /* Supporting Files */,
			);
			path = IOMexico;
			sourceTree = "<group>";
		};
		4C5A232E18450B50005B51B6 /* Supporting Files */ = {
			isa = PBXGroup;
			children = (
				4C5A232F18450B50005B51B6 /* EO Mexico City-Info.plist */,
				4C5A233018450B50005B51B6 /* InfoPlist.strings */,
				4C5A233318450B50005B51B6 /* main.m */,
				4C5A233518450B50005B51B6 /* EO Mexico City-Prefix.pch */,
			);
			name = "Supporting Files";
			sourceTree = "<group>";
		};
		4C5A234C18450B50005B51B6 /* IOMexicoTests */ = {
			isa = PBXGroup;
			children = (
				4C5A235218450B50005B51B6 /* IOMexicoTests.m */,
				4C5A234D18450B50005B51B6 /* Supporting Files */,
			);
			path = IOMexicoTests;
			sourceTree = "<group>";
		};
		4C5A234D18450B50005B51B6 /* Supporting Files */ = {
			isa = PBXGroup;
			children = (
				4C5A234E18450B50005B51B6 /* IOMexicoTests-Info.plist */,
				4C5A234F18450B50005B51B6 /* InfoPlist.strings */,
			);
			name = "Supporting Files";
			sourceTree = "<group>";
		};
		4CA9C89A18510D3300FB07E3 /* Images */ = {
			isa = PBXGroup;
			children = (
				4C58CB9C1863B59500315696 /* btn enviar.png */,
				4C359B1E1862600A008030C3 /* fotoUser.png */,
				4C359B1C186107D0008030C3 /* btnaplikr.png */,
				4C359B021860DB7B008030C3 /* Noticias detall */,
				4C4E1A6F186021FB00B72994 /* Eventos detalle */,
				4C0F0836185F6789009564BD /* miembros */,
				4C0F082B185B85BD009564BD /* Contacto */,
				4CB6C74D1857D07C006C4310 /* recomendacion */,
				4CB6C74A1857D018006C4310 /* Noticias */,
				4C5269E218577F67007207DE /* Eventos */,
				4C5269D918577DB8007207DE /* perfil */,
				4C15E5E318563C73007A81AC /* Inicio */,
				4C15E5DF185639EE007A81AC /* fondo.png */,
				4C0F0841185F6B89009564BD /* lineax3datos contactio.png */,
				4C15E5E0185639EE007A81AC /* signin.png */,
				4C15E5DD185639E4007A81AC /* linea.png */,
			);
			name = Images;
			sourceTree = "<group>";
		};
		4CB6C74A1857D018006C4310 /* Noticias */ = {
			isa = PBXGroup;
			children = (
				4CB6C74B1857D018006C4310 /* noticiasfondo.png */,
			);
			path = Noticias;
			sourceTree = "<group>";
		};
		4CB6C74D1857D07C006C4310 /* recomendacion */ = {
			isa = PBXGroup;
			children = (
				4CB6C74E1857D07C006C4310 /* btn applyperfilopciones.png */,
				4CB6C74F1857D07C006C4310 /* btn+fotoperfilopciones.png */,
				4CB6C7501857D07C006C4310 /* fondoperfilopciones.png */,
				4CB6C7511857D07C006C4310 /* lineaperfilopciones.png */,
				4CB6C7521857D07C006C4310 /* opcionesperfil.png */,
				4CB6C7531857D07C006C4310 /* perfilopciones.png */,
			);
			path = recomendacion;
			sourceTree = "<group>";
		};
		4CBD934B1845186E00B2548A /* Principal */ = {
			isa = PBXGroup;
			children = (
				4CBD934C1845188000B2548A /* Principal.h */,
				4CBD934D1845188000B2548A /* Principal.m */,
			);
			name = Principal;
			sourceTree = "<group>";
		};
		4CBD934F1845201600B2548A /* Eventos */ = {
			isa = PBXGroup;
			children = (
				4CBD93501845203000B2548A /* Calendario.h */,
				4CBD93511845203000B2548A /* Calendario.m */,
			);
			name = Eventos;
			sourceTree = "<group>";
		};
		4CBD93531845203900B2548A /* Perfil */ = {
			isa = PBXGroup;
			children = (
				4CBD93541845204B00B2548A /* Perfil.h */,
				4CBD93551845204B00B2548A /* Perfil.m */,
			);
			name = Perfil;
			sourceTree = "<group>";
		};
		4CBD93571845205700B2548A /* Miembros */ = {
			isa = PBXGroup;
			children = (
				4CBD93581845206400B2548A /* Miembros.h */,
				4CBD93591845206400B2548A /* Miembros.m */,
			);
			name = Miembros;
			sourceTree = "<group>";
		};
		4CBD935B1845207100B2548A /* Recomendar */ = {
			isa = PBXGroup;
			children = (
				4CBD935C1845208A00B2548A /* Recomendar.h */,
				4CBD935D1845208A00B2548A /* Recomendar.m */,
			);
			name = Recomendar;
			sourceTree = "<group>";
		};
		4CBD935F1845209A00B2548A /* Avisos */ = {
			isa = PBXGroup;
			children = (
				4C37495B185A5DF7005EFB04 /* Noticias.h */,
				4C37495C185A5DF7005EFB04 /* Noticias.m */,
			);
			name = Avisos;
			sourceTree = "<group>";
		};
		4CDBAF551858E2AB00E89BC0 /* Editar_profile */ = {
			isa = PBXGroup;
			children = (
				4CDBAF561858E2CC00E89BC0 /* Editar_perfil.h */,
				4CDBAF571858E2CC00E89BC0 /* Editar_perfil.m */,
			);
			name = Editar_profile;
			sourceTree = "<group>";
		};
/* End PBXGroup section */

/* Begin PBXNativeTarget section */
		4C5A232318450B50005B51B6 /* EO Mexico City */ = {
			isa = PBXNativeTarget;
			buildConfigurationList = 4C5A235618450B50005B51B6 /* Build configuration list for PBXNativeTarget "EO Mexico City" */;
			buildPhases = (
				4C5A232018450B50005B51B6 /* Sources */,
				4C5A232118450B50005B51B6 /* Frameworks */,
				4C5A232218450B50005B51B6 /* Resources */,
			);
			buildRules = (
			);
			dependencies = (
			);
			name = "EO Mexico City";
			productName = IOMexico;
			productReference = 4C5A232418450B50005B51B6 /* EO Mexico City.app */;
			productType = "com.apple.product-type.application";
		};
		4C5A234418450B50005B51B6 /* EO Mexico CityTests */ = {
			isa = PBXNativeTarget;
			buildConfigurationList = 4C5A235918450B50005B51B6 /* Build configuration list for PBXNativeTarget "EO Mexico CityTests" */;
			buildPhases = (
				4C5A234118450B50005B51B6 /* Sources */,
				4C5A234218450B50005B51B6 /* Frameworks */,
				4C5A234318450B50005B51B6 /* Resources */,
			);
			buildRules = (
			);
			dependencies = (
				4C5A234B18450B50005B51B6 /* PBXTargetDependency */,
			);
			name = "EO Mexico CityTests";
			productName = IOMexicoTests;
			productReference = 4C5A234518450B50005B51B6 /* EO Mexico CityTests.xctest */;
			productType = "com.apple.product-type.bundle.unit-test";
		};
/* End PBXNativeTarget section */

/* Begin PBXProject section */
		4C5A231C18450B50005B51B6 /* Project object */ = {
			isa = PBXProject;
			attributes = {
				LastUpgradeCheck = 0500;
				ORGANIZATIONNAME = "Manuel  Cervantes";
				TargetAttributes = {
					4C5A234418450B50005B51B6 = {
						TestTargetID = 4C5A232318450B50005B51B6;
					};
				};
			};
			buildConfigurationList = 4C5A231F18450B50005B51B6 /* Build configuration list for PBXProject "EO Mexico City" */;
			compatibilityVersion = "Xcode 3.2";
			developmentRegion = English;
			hasScannedForEncodings = 0;
			knownRegions = (
				en,
				Base,
			);
			mainGroup = 4C5A231B18450B50005B51B6;
			productRefGroup = 4C5A232518450B50005B51B6 /* Products */;
			projectDirPath = "";
			projectRoot = "";
			targets = (
				4C5A232318450B50005B51B6 /* EO Mexico City */,
				4C5A234418450B50005B51B6 /* EO Mexico CityTests */,
			);
		};
/* End PBXProject section */

/* Begin PBXResourcesBuildPhase section */
		4C5A232218450B50005B51B6 /* Resources */ = {
			isa = PBXResourcesBuildPhase;
			buildActionMask = 2147483647;
			files = (
				4C4E1A77186021FB00B72994 /* fondoeventosdetalle.png in Resources */,
				4CB6C7561857D07C006C4310 /* fondoperfilopciones.png in Resources */,
				4C359B081860DB7B008030C3 /* fondodetalle denoticias.png in Resources */,
				4C4E1A75186021FB00B72994 /* circuloeventos.png in Resources */,
				4CB6C7551857D07C006C4310 /* btn+fotoperfilopciones.png in Resources */,
				4C15E5EE18563C73007A81AC /* btnmiembros.png in Resources */,
				4C5A234018450B50005B51B6 /* Images.xcassets in Resources */,
				4C359B091860DB7B008030C3 /* fotonoticiasdetalle.png in Resources */,
				4C0F0842185F6B89009564BD /* lineax3datos contactio.png in Resources */,
				4C15E5EC18563C73007A81AC /* btncontacto.png in Resources */,
				4C58CB9D1863B59500315696 /* btn enviar.png in Resources */,
				4C359B1F1862600A008030C3 /* fotoUser.png in Resources */,
				4C0F083D185F6789009564BD /* fotomiembro.png in Resources */,
				4CB6C74C1857D018006C4310 /* noticiasfondo.png in Resources */,
				4C5269ED18577F67007207DE /* eventosretorno.png in Resources */,
				4C15E5E2185639EE007A81AC /* signin.png in Resources */,
				4C15E5DE185639E4007A81AC /* linea.png in Resources */,
				4C15E5EB18563C73007A81AC /* botonperfil.png in Resources */,
				4C359B071860DB7B008030C3 /* detalledenoticia.jpg in Resources */,
				4C5A233218450B50005B51B6 /* InfoPlist.strings in Resources */,
				4C5A233B18450B50005B51B6 /* Main.storyboard in Resources */,
				4CB6C7541857D07C006C4310 /* btn applyperfilopciones.png in Resources */,
				4C15E5EF18563C73007A81AC /* btnnoticias.png in Resources */,
				4C5269EA18577F67007207DE /* circulonumpeqe.png in Resources */,
				4C4E1A76186021FB00B72994 /* detalleeventos.jpg in Resources */,
				4C5269DE18577DB8007207DE /* btnopcionesperfil.png in Resources */,
				4C0F0840185F6789009564BD /* plek separación miembros.png in Resources */,
				4C359B0A1860DB7B008030C3 /* lineatitulodetallenoticias.png in Resources */,
				4C5269EB18577F67007207DE /* eventos pantalla.jpg in Resources */,
				4C0F083E185F6789009564BD /* miembros.jpg in Resources */,
				4C4E1A78186021FB00B72994 /* lineaeventos.png in Resources */,
				4C359B1D186107D0008030C3 /* btnaplikr.png in Resources */,
				4C5269DF18577DB8007207DE /* btnregresoperfil.png in Resources */,
				4C15E5E1185639EE007A81AC /* fondo.png in Resources */,
				4C5269E018577DB8007207DE /* fondoperfil.png in Resources */,
				4C5269E918577F67007207DE /* btnopcioneseventos.png in Resources */,
				4C15E5ED18563C73007A81AC /* btneventos.png in Resources */,
				4C5269EE18577F67007207DE /* lineaeventos.png in Resources */,
				4C0F083C185F6789009564BD /* fondomiembros.png in Resources */,
				4CB6C7571857D07C006C4310 /* lineaperfilopciones.png in Resources */,
				4C5269EC18577F67007207DE /* eventosfondo.png in Resources */,
				4C0F082D185B85BD009564BD /* fondocontacto.png in Resources */,
				4C15E5F018563C73007A81AC /* fondoinicio.png in Resources */,
				4CB6C7591857D07C006C4310 /* perfilopciones.png in Resources */,
				4C5269E118577DB8007207DE /* perfil.png in Resources */,
				4C0F083F185F6789009564BD /* nombremiembro.png in Resources */,
				4C4E1A79186021FB00B72994 /* numeroeventos.png in Resources */,
				4CB6C7581857D07C006C4310 /* opcionesperfil.png in Resources */,
			);
			runOnlyForDeploymentPostprocessing = 0;
		};
		4C5A234318450B50005B51B6 /* Resources */ = {
			isa = PBXResourcesBuildPhase;
			buildActionMask = 2147483647;
			files = (
				4C5A235118450B50005B51B6 /* InfoPlist.strings in Resources */,
			);
			runOnlyForDeploymentPostprocessing = 0;
		};
/* End PBXResourcesBuildPhase section */

/* Begin PBXSourcesBuildPhase section */
		4C5A232018450B50005B51B6 /* Sources */ = {
			isa = PBXSourcesBuildPhase;
			buildActionMask = 2147483647;
			files = (
				4CBD934E1845188000B2548A /* Principal.m in Sources */,
				4C359B121860EE19008030C3 /* Detalle_miembros.m in Sources */,
				4CBD935A1845206400B2548A /* Miembros.m in Sources */,
				4C0F0835185B8FE3009564BD /* Detalle_evento.m in Sources */,
				4C359B0E1860E31C008030C3 /* Detalle_noticia.m in Sources */,
				4C5A233E18450B50005B51B6 /* ViewController.m in Sources */,
				4C0F0831185B8618009564BD /* Contacto.m in Sources */,
				4C5A233818450B50005B51B6 /* AppDelegate.m in Sources */,
				4CBD93521845203000B2548A /* Calendario.m in Sources */,
				4C37495D185A5DF7005EFB04 /* Noticias.m in Sources */,
				4C5A233418450B50005B51B6 /* main.m in Sources */,
				4CBD93561845204B00B2548A /* Perfil.m in Sources */,
				4CDBAF581858E2CC00E89BC0 /* Editar_perfil.m in Sources */,
				4CBD935E1845208A00B2548A /* Recomendar.m in Sources */,
			);
			runOnlyForDeploymentPostprocessing = 0;
		};
		4C5A234118450B50005B51B6 /* Sources */ = {
			isa = PBXSourcesBuildPhase;
			buildActionMask = 2147483647;
			files = (
				4C5A235318450B50005B51B6 /* IOMexicoTests.m in Sources */,
			);
			runOnlyForDeploymentPostprocessing = 0;
		};
/* End PBXSourcesBuildPhase section */

/* Begin PBXTargetDependency section */
		4C5A234B18450B50005B51B6 /* PBXTargetDependency */ = {
			isa = PBXTargetDependency;
			target = 4C5A232318450B50005B51B6 /* EO Mexico City */;
			targetProxy = 4C5A234A18450B50005B51B6 /* PBXContainerItemProxy */;
		};
/* End PBXTargetDependency section */

/* Begin PBXVariantGroup section */
		4C5A233018450B50005B51B6 /* InfoPlist.strings */ = {
			isa = PBXVariantGroup;
			children = (
				4C5A233118450B50005B51B6 /* en */,
			);
			name = InfoPlist.strings;
			sourceTree = "<group>";
		};
		4C5A233918450B50005B51B6 /* Main.storyboard */ = {
			isa = PBXVariantGroup;
			children = (
				4C5A233A18450B50005B51B6 /* Base */,
			);
			name = Main.storyboard;
			sourceTree = "<group>";
		};
		4C5A234F18450B50005B51B6 /* InfoPlist.strings */ = {
			isa = PBXVariantGroup;
			children = (
				4C5A235018450B50005B51B6 /* en */,
			);
			name = InfoPlist.strings;
			sourceTree = "<group>";
		};
/* End PBXVariantGroup section */

/* Begin XCBuildConfiguration section */
		4C5A235418450B50005B51B6 /* Debug */ = {
			isa = XCBuildConfiguration;
			buildSettings = {
				ALWAYS_SEARCH_USER_PATHS = NO;
				ARCHS = "$(ARCHS_STANDARD_INCLUDING_64_BIT)";
				CLANG_CXX_LANGUAGE_STANDARD = "gnu++0x";
				CLANG_CXX_LIBRARY = "libc++";
				CLANG_ENABLE_MODULES = YES;
				CLANG_ENABLE_OBJC_ARC = YES;
				CLANG_WARN_BOOL_CONVERSION = YES;
				CLANG_WARN_CONSTANT_CONVERSION = YES;
				CLANG_WARN_DIRECT_OBJC_ISA_USAGE = YES_ERROR;
				CLANG_WARN_EMPTY_BODY = YES;
				CLANG_WARN_ENUM_CONVERSION = YES;
				CLANG_WARN_INT_CONVERSION = YES;
				CLANG_WARN_OBJC_ROOT_CLASS = YES_ERROR;
				CLANG_WARN__DUPLICATE_METHOD_MATCH = YES;
				"CODE_SIGN_IDENTITY[sdk=iphoneos*]" = "iPhone Developer";
				COPY_PHASE_STRIP = NO;
				GCC_C_LANGUAGE_STANDARD = gnu99;
				GCC_DYNAMIC_NO_PIC = NO;
				GCC_OPTIMIZATION_LEVEL = 0;
				GCC_PREPROCESSOR_DEFINITIONS = (
					"DEBUG=1",
					"$(inherited)",
				);
				GCC_SYMBOLS_PRIVATE_EXTERN = NO;
				GCC_WARN_64_TO_32_BIT_CONVERSION = YES;
				GCC_WARN_ABOUT_RETURN_TYPE = YES_ERROR;
				GCC_WARN_UNDECLARED_SELECTOR = YES;
				GCC_WARN_UNINITIALIZED_AUTOS = YES;
				GCC_WARN_UNUSED_FUNCTION = YES;
				GCC_WARN_UNUSED_VARIABLE = YES;
				IPHONEOS_DEPLOYMENT_TARGET = 7.0;
				ONLY_ACTIVE_ARCH = YES;
				SDKROOT = iphoneos;
			};
			name = Debug;
		};
		4C5A235518450B50005B51B6 /* Release */ = {
			isa = XCBuildConfiguration;
			buildSettings = {
				ALWAYS_SEARCH_USER_PATHS = NO;
				ARCHS = "$(ARCHS_STANDARD_INCLUDING_64_BIT)";
				CLANG_CXX_LANGUAGE_STANDARD = "gnu++0x";
				CLANG_CXX_LIBRARY = "libc++";
				CLANG_ENABLE_MODULES = YES;
				CLANG_ENABLE_OBJC_ARC = YES;
				CLANG_WARN_BOOL_CONVERSION = YES;
				CLANG_WARN_CONSTANT_CONVERSION = YES;
				CLANG_WARN_DIRECT_OBJC_ISA_USAGE = YES_ERROR;
				CLANG_WARN_EMPTY_BODY = YES;
				CLANG_WARN_ENUM_CONVERSION = YES;
				CLANG_WARN_INT_CONVERSION = YES;
				CLANG_WARN_OBJC_ROOT_CLASS = YES_ERROR;
				CLANG_WARN__DUPLICATE_METHOD_MATCH = YES;
				"CODE_SIGN_IDENTITY[sdk=iphoneos*]" = "iPhone Developer";
				COPY_PHASE_STRIP = YES;
				ENABLE_NS_ASSERTIONS = NO;
				GCC_C_LANGUAGE_STANDARD = gnu99;
				GCC_WARN_64_TO_32_BIT_CONVERSION = YES;
				GCC_WARN_ABOUT_RETURN_TYPE = YES_ERROR;
				GCC_WARN_UNDECLARED_SELECTOR = YES;
				GCC_WARN_UNINITIALIZED_AUTOS = YES;
				GCC_WARN_UNUSED_FUNCTION = YES;
				GCC_WARN_UNUSED_VARIABLE = YES;
				IPHONEOS_DEPLOYMENT_TARGET = 7.0;
				SDKROOT = iphoneos;
				VALIDATE_PRODUCT = YES;
			};
			name = Release;
		};
		4C5A235718450B50005B51B6 /* Debug */ = {
			isa = XCBuildConfiguration;
			buildSettings = {
				ASSETCATALOG_COMPILER_APPICON_NAME = AppIcon;
				ASSETCATALOG_COMPILER_LAUNCHIMAGE_NAME = LaunchImage;
				FRAMEWORK_SEARCH_PATHS = (
					"$(inherited)",
					/Users/manuelcervantes/Documents/IOS,
				);
				GCC_PRECOMPILE_PREFIX_HEADER = YES;
				GCC_PREFIX_HEADER = "IOMexico/EO Mexico City-Prefix.pch";
				INFOPLIST_FILE = "IOMexico/EO Mexico City-Info.plist";
				PRODUCT_NAME = "EO Mexico City";
				WRAPPER_EXTENSION = app;
			};
			name = Debug;
		};
		4C5A235818450B50005B51B6 /* Release */ = {
			isa = XCBuildConfiguration;
			buildSettings = {
				ASSETCATALOG_COMPILER_APPICON_NAME = AppIcon;
				ASSETCATALOG_COMPILER_LAUNCHIMAGE_NAME = LaunchImage;
				FRAMEWORK_SEARCH_PATHS = (
					"$(inherited)",
					/Users/manuelcervantes/Documents/IOS,
				);
				GCC_PRECOMPILE_PREFIX_HEADER = YES;
				GCC_PREFIX_HEADER = "IOMexico/EO Mexico City-Prefix.pch";
				INFOPLIST_FILE = "IOMexico/EO Mexico City-Info.plist";
				PRODUCT_NAME = "EO Mexico City";
				WRAPPER_EXTENSION = app;
			};
			name = Release;
		};
		4C5A235A18450B50005B51B6 /* Debug */ = {
			isa = XCBuildConfiguration;
			buildSettings = {
				ARCHS = "$(ARCHS_STANDARD_INCLUDING_64_BIT)";
				BUNDLE_LOADER = "$(BUILT_PRODUCTS_DIR)/IOMexico.app/IOMexico";
				FRAMEWORK_SEARCH_PATHS = (
					"$(SDKROOT)/Developer/Library/Frameworks",
					"$(inherited)",
					"$(DEVELOPER_FRAMEWORKS_DIR)",
				);
				GCC_PRECOMPILE_PREFIX_HEADER = YES;
				GCC_PREFIX_HEADER = "IOMexico/IOMexico-Prefix.pch";
				GCC_PREPROCESSOR_DEFINITIONS = (
					"DEBUG=1",
					"$(inherited)",
				);
				INFOPLIST_FILE = "IOMexicoTests/IOMexicoTests-Info.plist";
				PRODUCT_NAME = "EO Mexico CityTests";
				TEST_HOST = "$(BUNDLE_LOADER)";
				WRAPPER_EXTENSION = xctest;
			};
			name = Debug;
		};
		4C5A235B18450B50005B51B6 /* Release */ = {
			isa = XCBuildConfiguration;
			buildSettings = {
				ARCHS = "$(ARCHS_STANDARD_INCLUDING_64_BIT)";
				BUNDLE_LOADER = "$(BUILT_PRODUCTS_DIR)/IOMexico.app/IOMexico";
				FRAMEWORK_SEARCH_PATHS = (
					"$(SDKROOT)/Developer/Library/Frameworks",
					"$(inherited)",
					"$(DEVELOPER_FRAMEWORKS_DIR)",
				);
				GCC_PRECOMPILE_PREFIX_HEADER = YES;
				GCC_PREFIX_HEADER = "IOMexico/IOMexico-Prefix.pch";
				INFOPLIST_FILE = "IOMexicoTests/IOMexicoTests-Info.plist";
				PRODUCT_NAME = "EO Mexico CityTests";
				TEST_HOST = "$(BUNDLE_LOADER)";
				WRAPPER_EXTENSION = xctest;
			};
			name = Release;
		};
/* End XCBuildConfiguration section */

/* Begin XCConfigurationList section */
		4C5A231F18450B50005B51B6 /* Build configuration list for PBXProject "EO Mexico City" */ = {
			isa = XCConfigurationList;
			buildConfigurations = (
				4C5A235418450B50005B51B6 /* Debug */,
				4C5A235518450B50005B51B6 /* Release */,
			);
			defaultConfigurationIsVisible = 0;
			defaultConfigurationName = Release;
		};
		4C5A235618450B50005B51B6 /* Build configuration list for PBXNativeTarget "EO Mexico City" */ = {
			isa = XCConfigurationList;
			buildConfigurations = (
				4C5A235718450B50005B51B6 /* Debug */,
				4C5A235818450B50005B51B6 /* Release */,
			);
			defaultConfigurationIsVisible = 0;
			defaultConfigurationName = Release;
		};
		4C5A235918450B50005B51B6 /* Build configuration list for PBXNativeTarget "EO Mexico CityTests" */ = {
			isa = XCConfigurationList;
			buildConfigurations = (
				4C5A235A18450B50005B51B6 /* Debug */,
				4C5A235B18450B50005B51B6 /* Release */,
			);
			defaultConfigurationIsVisible = 0;
			defaultConfigurationName = Release;
		};
/* End XCConfigurationList section */
	};
	rootObject = 4C5A231C18450B50005B51B6 /* Project object */;
}
